
Microsoft Visual Studio Solution File, Format Version 12.00
# Visual Studio 2012
Project("{8BC9CEB8-8B4A-11D0-8D11-00A0C91BC942}") = "SHInject01", "SHInject01\SHInject01.vcxproj", "{FB1E528C-B5F1-4DB1-B2E2-B28C142ACD13}"
EndProject
Global
	GlobalSection(SolutionConfigurationPlatforms) = preSolution
		Debug|Win32 = Debug|Win32
		Release|Win32 = Release|Win32
	EndGlobalSection
	GlobalSection(ProjectConfigurationPlatforms) = postSolution
		{FB1E528C-B5F1-4DB1-B2E2-B28C142ACD13}.Debug|Win32.ActiveCfg = Debug|Win32
		{FB1E528C-B5F1-4DB1-B2E2-B28C142ACD13}.Debug|Win32.Build.0 = Debug|Win32
		{FB1E528C-B5F1-4DB1-B2E2-B28C142ACD13}.Release|Win32.ActiveCfg = Release|Win32
		{FB1E528C-B5F1-4DB1-B2E2-B28C142ACD13}.Release|Win32.Build.0 = Release|Win32
	EndGlobalSection
	GlobalSection(SolutionProperties) = preSolution
		HideSolutionNode = FALSE
	EndGlobalSection
EndGlobal
